// !$*UTF8*$!
{
	archiveVersion = 1;
	classes = {
	};
	objectVersion = 46;
	objects = {

/* Begin PBXBuildFile section */
		5507655B1A4D3FD9009B5762 /* MMSmallLayout.m in Sources */ = {isa = PBXBuildFile; fileRef = 5507655A1A4D3FD9009B5762 /* MMSmallLayout.m */; };
		5507655F1A4D3FFE009B5762 /* MMLargeLayout.m in Sources */ = {isa = PBXBuildFile; fileRef = 5507655E1A4D3FFE009B5762 /* MMLargeLayout.m */; };
		550765631A4D40EF009B5762 /* MMBaseCollection.m in Sources */ = {isa = PBXBuildFile; fileRef = 550765621A4D40EF009B5762 /* MMBaseCollection.m */; };
		550765A41A4D72B8009B5762 /* InfoPlist.strings in Resources */ = {isa = PBXBuildFile; fileRef = 5507656C1A4D72B8009B5762 /* InfoPlist.strings */; };
		550765A51A4D72B8009B5762 /* pop-Info.plist in Resources */ = {isa = PBXBuildFile; fileRef = 5507656E1A4D72B8009B5762 /* pop-Info.plist */; };
		550765A61A4D72B8009B5762 /* POPAnimatableProperty.mm in Sources */ = {isa = PBXBuildFile; fileRef = 550765731A4D72B8009B5762 /* POPAnimatableProperty.mm */; };
		550765A71A4D72B8009B5762 /* POPAnimation.mm in Sources */ = {isa = PBXBuildFile; fileRef = 550765751A4D72B8009B5762 /* POPAnimation.mm */; };
		550765A81A4D72B8009B5762 /* POPAnimationEvent.mm in Sources */ = {isa = PBXBuildFile; fileRef = 550765771A4D72B8009B5762 /* POPAnimationEvent.mm */; };
		550765A91A4D72B8009B5762 /* POPAnimationExtras.mm in Sources */ = {isa = PBXBuildFile; fileRef = 5507657A1A4D72B8009B5762 /* POPAnimationExtras.mm */; };
		550765AA1A4D72B8009B5762 /* POPAnimationRuntime.mm in Sources */ = {isa = PBXBuildFile; fileRef = 5507657E1A4D72B8009B5762 /* POPAnimationRuntime.mm */; };
		550765AB1A4D72B8009B5762 /* POPAnimationTracer.mm in Sources */ = {isa = PBXBuildFile; fileRef = 550765801A4D72B8009B5762 /* POPAnimationTracer.mm */; };
		550765AC1A4D72B8009B5762 /* POPAnimator.mm in Sources */ = {isa = PBXBuildFile; fileRef = 550765831A4D72B8009B5762 /* POPAnimator.mm */; };
		550765AD1A4D72B8009B5762 /* POPBasicAnimation.mm in Sources */ = {isa = PBXBuildFile; fileRef = 550765861A4D72B8009B5762 /* POPBasicAnimation.mm */; };
		550765AE1A4D72B8009B5762 /* POPCGUtils.mm in Sources */ = {isa = PBXBuildFile; fileRef = 550765891A4D72B8009B5762 /* POPCGUtils.mm */; };
		550765AF1A4D72B8009B5762 /* POPCustomAnimation.mm in Sources */ = {isa = PBXBuildFile; fileRef = 5507658B1A4D72B8009B5762 /* POPCustomAnimation.mm */; };
		550765B01A4D72B8009B5762 /* POPDecayAnimation.mm in Sources */ = {isa = PBXBuildFile; fileRef = 5507658D1A4D72B8009B5762 /* POPDecayAnimation.mm */; };
		550765B11A4D72B8009B5762 /* POPGeometry.mm in Sources */ = {isa = PBXBuildFile; fileRef = 550765911A4D72B8009B5762 /* POPGeometry.mm */; };
		550765B21A4D72B8009B5762 /* POPLayerExtras.mm in Sources */ = {isa = PBXBuildFile; fileRef = 550765931A4D72B8009B5762 /* POPLayerExtras.mm */; };
		550765B31A4D72B8009B5762 /* POPMath.mm in Sources */ = {isa = PBXBuildFile; fileRef = 550765951A4D72B8009B5762 /* POPMath.mm */; };
		550765B41A4D72B8009B5762 /* POPPropertyAnimation.mm in Sources */ = {isa = PBXBuildFile; fileRef = 550765971A4D72B8009B5762 /* POPPropertyAnimation.mm */; };
		550765B51A4D72B8009B5762 /* POPSpringAnimation.mm in Sources */ = {isa = PBXBuildFile; fileRef = 5507659A1A4D72B8009B5762 /* POPSpringAnimation.mm */; };
		550765B61A4D72B8009B5762 /* POPVector.mm in Sources */ = {isa = PBXBuildFile; fileRef = 5507659E1A4D72B8009B5762 /* POPVector.mm */; };
		550765B71A4D72B8009B5762 /* TransformationMatrix.cpp in Sources */ = {isa = PBXBuildFile; fileRef = 550765A11A4D72B8009B5762 /* TransformationMatrix.cpp */; };
		5515B5011AA7077B0025C1B9 /* MMRootViewController.m in Sources */ = {isa = PBXBuildFile; fileRef = 5515B5001AA7077B0025C1B9 /* MMRootViewController.m */; };
		5515B5041AA7202D0025C1B9 /* MMCollectionViewCell.m in Sources */ = {isa = PBXBuildFile; fileRef = 5515B5031AA7202D0025C1B9 /* MMCollectionViewCell.m */; };
		551B5E611AA8471D003313A0 /* Tones-50.png in Resources */ = {isa = PBXBuildFile; fileRef = 551B5E601AA8471D003313A0 /* Tones-50.png */; };
		551B5E631AA849DE003313A0 /* Group-50.png in Resources */ = {isa = PBXBuildFile; fileRef = 551B5E621AA849DE003313A0 /* Group-50.png */; };
		551B5E651AA849E4003313A0 /* Talk-50.png in Resources */ = {isa = PBXBuildFile; fileRef = 551B5E641AA849E4003313A0 /* Talk-50.png */; };
		551B5E681AA85053003313A0 /* PaperBuble.m in Sources */ = {isa = PBXBuildFile; fileRef = 551B5E671AA85053003313A0 /* PaperBuble.m */; };
		551B5E6D1AA8505F003313A0 /* CustomShapeView.m in Sources */ = {isa = PBXBuildFile; fileRef = 551B5E6A1AA8505F003313A0 /* CustomShapeView.m */; };
		551B5E6E1AA8505F003313A0 /* CustomShapeLayer.m in Sources */ = {isa = PBXBuildFile; fileRef = 551B5E6C1AA8505F003313A0 /* CustomShapeLayer.m */; };
		551B5E711AA85D0C003313A0 /* Launch Screen.xib in Resources */ = {isa = PBXBuildFile; fileRef = 551B5E701AA85D0C003313A0 /* Launch Screen.xib */; };
		552275AC1A550703007FB91D /* HACollectionViewLargeLayout.m in Sources */ = {isa = PBXBuildFile; fileRef = 552275A91A550702007FB91D /* HACollectionViewLargeLayout.m */; };
		552275AD1A550703007FB91D /* HACollectionViewSmallLayout.m in Sources */ = {isa = PBXBuildFile; fileRef = 552275AB1A550702007FB91D /* HACollectionViewSmallLayout.m */; };
		ACF2554819E9B8AC00DE2B40 /* Foundation.framework in Frameworks */ = {isa = PBXBuildFile; fileRef = ACF2554719E9B8AC00DE2B40 /* Foundation.framework */; };
		ACF2554A19E9B8AC00DE2B40 /* CoreGraphics.framework in Frameworks */ = {isa = PBXBuildFile; fileRef = ACF2554919E9B8AC00DE2B40 /* CoreGraphics.framework */; };
		ACF2554C19E9B8AC00DE2B40 /* UIKit.framework in Frameworks */ = {isa = PBXBuildFile; fileRef = ACF2554B19E9B8AC00DE2B40 /* UIKit.framework */; };
		ACF2555219E9B8AC00DE2B40 /* InfoPlist.strings in Resources */ = {isa = PBXBuildFile; fileRef = ACF2555019E9B8AC00DE2B40 /* InfoPlist.strings */; };
		ACF2555419E9B8AC00DE2B40 /* main.m in Sources */ = {isa = PBXBuildFile; fileRef = ACF2555319E9B8AC00DE2B40 /* main.m */; };
		ACF2555819E9B8AC00DE2B40 /* MMAppDelegate.m in Sources */ = {isa = PBXBuildFile; fileRef = ACF2555719E9B8AC00DE2B40 /* MMAppDelegate.m */; };
		ACF2555B19E9B8AC00DE2B40 /* Main.storyboard in Resources */ = {isa = PBXBuildFile; fileRef = ACF2555919E9B8AC00DE2B40 /* Main.storyboard */; };
		ACF2555E19E9B8AC00DE2B40 /* MMViewController.m in Sources */ = {isa = PBXBuildFile; fileRef = ACF2555D19E9B8AC00DE2B40 /* MMViewController.m */; };
		ACF2556019E9B8AC00DE2B40 /* Images.xcassets in Resources */ = {isa = PBXBuildFile; fileRef = ACF2555F19E9B8AC00DE2B40 /* Images.xcassets */; };
		ACF2556719E9B8AC00DE2B40 /* XCTest.framework in Frameworks */ = {isa = PBXBuildFile; fileRef = ACF2556619E9B8AC00DE2B40 /* XCTest.framework */; };
		ACF2556819E9B8AC00DE2B40 /* Foundation.framework in Frameworks */ = {isa = PBXBuildFile; fileRef = ACF2554719E9B8AC00DE2B40 /* Foundation.framework */; };
		ACF2556919E9B8AC00DE2B40 /* UIKit.framework in Frameworks */ = {isa = PBXBuildFile; fileRef = ACF2554B19E9B8AC00DE2B40 /* UIKit.framework */; };
		ACF2557119E9B8AC00DE2B40 /* InfoPlist.strings in Resources */ = {isa = PBXBuildFile; fileRef = ACF2556F19E9B8AC00DE2B40 /* InfoPlist.strings */; };
		ACF2557319E9B8AC00DE2B40 /* MMPaperTests.m in Sources */ = {isa = PBXBuildFile; fileRef = ACF2557219E9B8AC00DE2B40 /* MMPaperTests.m */; };
		ACF2558B19E9B94300DE2B40 /* HATransitionLayout.m in Sources */ = {isa = PBXBuildFile; fileRef = ACF2558719E9B94300DE2B40 /* HATransitionLayout.m */; };
		ACF2559219E9BB3400DE2B40 /* 2.png in Resources */ = {isa = PBXBuildFile; fileRef = ACF2559119E9BB3400DE2B40 /* 2.png */; };
		ACF2559F19E9BE2D00DE2B40 /* five.jpg in Resources */ = {isa = PBXBuildFile; fileRef = ACF2559B19E9BE2D00DE2B40 /* five.jpg */; };
		ACF255A019E9BE2D00DE2B40 /* one.jpg in Resources */ = {isa = PBXBuildFile; fileRef = ACF2559C19E9BE2D00DE2B40 /* one.jpg */; };
		ACF255A119E9BE2D00DE2B40 /* three.png in Resources */ = {isa = PBXBuildFile; fileRef = ACF2559D19E9BE2D00DE2B40 /* three.png */; };
		ACF255A219E9BE2D00DE2B40 /* two.jpg in Resources */ = {isa = PBXBuildFile; fileRef = ACF2559E19E9BE2D00DE2B40 /* two.jpg */; };
		ACF255A419E9BF2200DE2B40 /* fake-cell@2x.png in Resources */ = {isa = PBXBuildFile; fileRef = ACF255A319E9BF2200DE2B40 /* fake-cell@2x.png */; };
/* End PBXBuildFile section */

/* Begin PBXContainerItemProxy section */
		ACF2556A19E9B8AC00DE2B40 /* PBXContainerItemProxy */ = {
			isa = PBXContainerItemProxy;
			containerPortal = ACF2553C19E9B8AC00DE2B40 /* Project object */;
			proxyType = 1;
			remoteGlobalIDString = ACF2554319E9B8AC00DE2B40;
			remoteInfo = MMPaper;
		};
/* End PBXContainerItemProxy section */

/* Begin PBXFileReference section */
		550765591A4D3FD9009B5762 /* MMSmallLayout.h */ = {isa = PBXFileReference; fileEncoding = 4; lastKnownFileType = sourcecode.c.h; path = MMSmallLayout.h; sourceTree = "<group>"; };
		5507655A1A4D3FD9009B5762 /* MMSmallLayout.m */ = {isa = PBXFileReference; fileEncoding = 4; lastKnownFileType = sourcecode.c.objc; path = MMSmallLayout.m; sourceTree = "<group>"; };
		5507655D1A4D3FFE009B5762 /* MMLargeLayout.h */ = {isa = PBXFileReference; fileEncoding = 4; lastKnownFileType = sourcecode.c.h; path = MMLargeLayout.h; sourceTree = "<group>"; };
		5507655E1A4D3FFE009B5762 /* MMLargeLayout.m */ = {isa = PBXFileReference; fileEncoding = 4; lastKnownFileType = sourcecode.c.objc; path = MMLargeLayout.m; sourceTree = "<group>"; };
		550765611A4D40EF009B5762 /* MMBaseCollection.h */ = {isa = PBXFileReference; fileEncoding = 4; lastKnownFileType = sourcecode.c.h; path = MMBaseCollection.h; sourceTree = "<group>"; };
		550765621A4D40EF009B5762 /* MMBaseCollection.m */ = {isa = PBXFileReference; fileEncoding = 4; lastKnownFileType = sourcecode.c.objc; path = MMBaseCollection.m; sourceTree = "<group>"; };
		5507656D1A4D72B8009B5762 /* en */ = {isa = PBXFileReference; lastKnownFileType = text.plist.strings; name = en; path = en.lproj/InfoPlist.strings; sourceTree = "<group>"; };
		5507656E1A4D72B8009B5762 /* pop-Info.plist */ = {isa = PBXFileReference; fileEncoding = 4; lastKnownFileType = text.plist.xml; path = "pop-Info.plist"; sourceTree = "<group>"; };
		5507656F1A4D72B8009B5762 /* pop-Prefix.pch */ = {isa = PBXFileReference; fileEncoding = 4; lastKnownFileType = sourcecode.c.h; path = "pop-Prefix.pch"; sourceTree = "<group>"; };
		550765701A4D72B8009B5762 /* POP.h */ = {isa = PBXFileReference; fileEncoding = 4; lastKnownFileType = sourcecode.c.h; path = POP.h; sourceTree = "<group>"; };
		550765711A4D72B8009B5762 /* POPAction.h */ = {isa = PBXFileReference; fileEncoding = 4; lastKnownFileType = sourcecode.c.h; path = POPAction.h; sourceTree = "<group>"; };
		550765721A4D72B8009B5762 /* POPAnimatableProperty.h */ = {isa = PBXFileReference; fileEncoding = 4; lastKnownFileType = sourcecode.c.h; path = POPAnimatableProperty.h; sourceTree = "<group>"; };
		550765731A4D72B8009B5762 /* POPAnimatableProperty.mm */ = {isa = PBXFileReference; fileEncoding = 4; lastKnownFileType = sourcecode.cpp.objcpp; path = POPAnimatableProperty.mm; sourceTree = "<group>"; };
		550765741A4D72B8009B5762 /* POPAnimation.h */ = {isa = PBXFileReference; fileEncoding = 4; lastKnownFileType = sourcecode.c.h; path = POPAnimation.h; sourceTree = "<group>"; };
		550765751A4D72B8009B5762 /* POPAnimation.mm */ = {isa = PBXFileReference; fileEncoding = 4; lastKnownFileType = sourcecode.cpp.objcpp; path = POPAnimation.mm; sourceTree = "<group>"; };
		550765761A4D72B8009B5762 /* POPAnimationEvent.h */ = {isa = PBXFileReference; fileEncoding = 4; lastKnownFileType = sourcecode.c.h; path = POPAnimationEvent.h; sourceTree = "<group>"; };
		550765771A4D72B8009B5762 /* POPAnimationEvent.mm */ = {isa = PBXFileReference; fileEncoding = 4; lastKnownFileType = sourcecode.cpp.objcpp; path = POPAnimationEvent.mm; sourceTree = "<group>"; };
		550765781A4D72B8009B5762 /* POPAnimationEventInternal.h */ = {isa = PBXFileReference; fileEncoding = 4; lastKnownFileType = sourcecode.c.h; path = POPAnimationEventInternal.h; sourceTree = "<group>"; };
		550765791A4D72B8009B5762 /* POPAnimationExtras.h */ = {isa = PBXFileReference; fileEncoding = 4; lastKnownFileType = sourcecode.c.h; path = POPAnimationExtras.h; sourceTree = "<group>"; };
		5507657A1A4D72B8009B5762 /* POPAnimationExtras.mm */ = {isa = PBXFileReference; fileEncoding = 4; lastKnownFileType = sourcecode.cpp.objcpp; path = POPAnimationExtras.mm; sourceTree = "<group>"; };
		5507657B1A4D72B8009B5762 /* POPAnimationInternal.h */ = {isa = PBXFileReference; fileEncoding = 4; lastKnownFileType = sourcecode.c.h; path = POPAnimationInternal.h; sourceTree = "<group>"; };
		5507657C1A4D72B8009B5762 /* POPAnimationPrivate.h */ = {isa = PBXFileReference; fileEncoding = 4; lastKnownFileType = sourcecode.c.h; path = POPAnimationPrivate.h; sourceTree = "<group>"; };
		5507657D1A4D72B8009B5762 /* POPAnimationRuntime.h */ = {isa = PBXFileReference; fileEncoding = 4; lastKnownFileType = sourcecode.c.h; path = POPAnimationRuntime.h; sourceTree = "<group>"; };
		5507657E1A4D72B8009B5762 /* POPAnimationRuntime.mm */ = {isa = PBXFileReference; fileEncoding = 4; lastKnownFileType = sourcecode.cpp.objcpp; path = POPAnimationRuntime.mm; sourceTree = "<group>"; };
		5507657F1A4D72B8009B5762 /* POPAnimationTracer.h */ = {isa = PBXFileReference; fileEncoding = 4; lastKnownFileType = sourcecode.c.h; path = POPAnimationTracer.h; sourceTree = "<group>"; };
		550765801A4D72B8009B5762 /* POPAnimationTracer.mm */ = {isa = PBXFileReference; fileEncoding = 4; lastKnownFileType = sourcecode.cpp.objcpp; path = POPAnimationTracer.mm; sourceTree = "<group>"; };
		550765811A4D72B8009B5762 /* POPAnimationTracerInternal.h */ = {isa = PBXFileReference; fileEncoding = 4; lastKnownFileType = sourcecode.c.h; path = POPAnimationTracerInternal.h; sourceTree = "<group>"; };
		550765821A4D72B8009B5762 /* POPAnimator.h */ = {isa = PBXFileReference; fileEncoding = 4; lastKnownFileType = sourcecode.c.h; path = POPAnimator.h; sourceTree = "<group>"; };
		550765831A4D72B8009B5762 /* POPAnimator.mm */ = {isa = PBXFileReference; fileEncoding = 4; lastKnownFileType = sourcecode.cpp.objcpp; path = POPAnimator.mm; sourceTree = "<group>"; };
		550765841A4D72B8009B5762 /* POPAnimatorPrivate.h */ = {isa = PBXFileReference; fileEncoding = 4; lastKnownFileType = sourcecode.c.h; path = POPAnimatorPrivate.h; sourceTree = "<group>"; };
		550765851A4D72B8009B5762 /* POPBasicAnimation.h */ = {isa = PBXFileReference; fileEncoding = 4; lastKnownFileType = sourcecode.c.h; path = POPBasicAnimation.h; sourceTree = "<group>"; };
		550765861A4D72B8009B5762 /* POPBasicAnimation.mm */ = {isa = PBXFileReference; fileEncoding = 4; lastKnownFileType = sourcecode.cpp.objcpp; path = POPBasicAnimation.mm; sourceTree = "<group>"; };
		550765871A4D72B8009B5762 /* POPBasicAnimationInternal.h */ = {isa = PBXFileReference; fileEncoding = 4; lastKnownFileType = sourcecode.c.h; path = POPBasicAnimationInternal.h; sourceTree = "<group>"; };
		550765881A4D72B8009B5762 /* POPCGUtils.h */ = {isa = PBXFileReference; fileEncoding = 4; lastKnownFileType = sourcecode.c.h; path = POPCGUtils.h; sourceTree = "<group>"; };
		550765891A4D72B8009B5762 /* POPCGUtils.mm */ = {isa = PBXFileReference; fileEncoding = 4; lastKnownFileType = sourcecode.cpp.objcpp; path = POPCGUtils.mm; sourceTree = "<group>"; };
		5507658A1A4D72B8009B5762 /* POPCustomAnimation.h */ = {isa = PBXFileReference; fileEncoding = 4; lastKnownFileType = sourcecode.c.h; path = POPCustomAnimation.h; sourceTree = "<group>"; };
		5507658B1A4D72B8009B5762 /* POPCustomAnimation.mm */ = {isa = PBXFileReference; fileEncoding = 4; lastKnownFileType = sourcecode.cpp.objcpp; path = POPCustomAnimation.mm; sourceTree = "<group>"; };
		5507658C1A4D72B8009B5762 /* POPDecayAnimation.h */ = {isa = PBXFileReference; fileEncoding = 4; lastKnownFileType = sourcecode.c.h; path = POPDecayAnimation.h; sourceTree = "<group>"; };
		5507658D1A4D72B8009B5762 /* POPDecayAnimation.mm */ = {isa = PBXFileReference; fileEncoding = 4; lastKnownFileType = sourcecode.cpp.objcpp; path = POPDecayAnimation.mm; sourceTree = "<group>"; };
		5507658E1A4D72B8009B5762 /* POPDecayAnimationInternal.h */ = {isa = PBXFileReference; fileEncoding = 4; lastKnownFileType = sourcecode.c.h; path = POPDecayAnimationInternal.h; sourceTree = "<group>"; };
		5507658F1A4D72B8009B5762 /* POPDefines.h */ = {isa = PBXFileReference; fileEncoding = 4; lastKnownFileType = sourcecode.c.h; path = POPDefines.h; sourceTree = "<group>"; };
		550765901A4D72B8009B5762 /* POPGeometry.h */ = {isa = PBXFileReference; fileEncoding = 4; lastKnownFileType = sourcecode.c.h; path = POPGeometry.h; sourceTree = "<group>"; };
		550765911A4D72B8009B5762 /* POPGeometry.mm */ = {isa = PBXFileReference; fileEncoding = 4; lastKnownFileType = sourcecode.cpp.objcpp; path = POPGeometry.mm; sourceTree = "<group>"; };
		550765921A4D72B8009B5762 /* POPLayerExtras.h */ = {isa = PBXFileReference; fileEncoding = 4; lastKnownFileType = sourcecode.c.h; path = POPLayerExtras.h; sourceTree = "<group>"; };
		550765931A4D72B8009B5762 /* POPLayerExtras.mm */ = {isa = PBXFileReference; fileEncoding = 4; lastKnownFileType = sourcecode.cpp.objcpp; path = POPLayerExtras.mm; sourceTree = "<group>"; };
		550765941A4D72B8009B5762 /* POPMath.h */ = {isa = PBXFileReference; fileEncoding = 4; lastKnownFileType = sourcecode.c.h; path = POPMath.h; sourceTree = "<group>"; };
		550765951A4D72B8009B5762 /* POPMath.mm */ = {isa = PBXFileReference; fileEncoding = 4; lastKnownFileType = sourcecode.cpp.objcpp; path = POPMath.mm; sourceTree = "<group>"; };
		550765961A4D72B8009B5762 /* POPPropertyAnimation.h */ = {isa = PBXFileReference; fileEncoding = 4; lastKnownFileType = sourcecode.c.h; path = POPPropertyAnimation.h; sourceTree = "<group>"; };
		550765971A4D72B8009B5762 /* POPPropertyAnimation.mm */ = {isa = PBXFileReference; fileEncoding = 4; lastKnownFileType = sourcecode.cpp.objcpp; path = POPPropertyAnimation.mm; sourceTree = "<group>"; };
		550765981A4D72B8009B5762 /* POPPropertyAnimationInternal.h */ = {isa = PBXFileReference; fileEncoding = 4; lastKnownFileType = sourcecode.c.h; path = POPPropertyAnimationInternal.h; sourceTree = "<group>"; };
		550765991A4D72B8009B5762 /* POPSpringAnimation.h */ = {isa = PBXFileReference; fileEncoding = 4; lastKnownFileType = sourcecode.c.h; path = POPSpringAnimation.h; sourceTree = "<group>"; };
		5507659A1A4D72B8009B5762 /* POPSpringAnimation.mm */ = {isa = PBXFileReference; fileEncoding = 4; lastKnownFileType = sourcecode.cpp.objcpp; path = POPSpringAnimation.mm; sourceTree = "<group>"; };
		5507659B1A4D72B8009B5762 /* POPSpringAnimationInternal.h */ = {isa = PBXFileReference; fileEncoding = 4; lastKnownFileType = sourcecode.c.h; path = POPSpringAnimationInternal.h; sourceTree = "<group>"; };
		5507659C1A4D72B8009B5762 /* POPSpringSolver.h */ = {isa = PBXFileReference; fileEncoding = 4; lastKnownFileType = sourcecode.c.h; path = POPSpringSolver.h; sourceTree = "<group>"; };
		5507659D1A4D72B8009B5762 /* POPVector.h */ = {isa = PBXFileReference; fileEncoding = 4; lastKnownFileType = sourcecode.c.h; path = POPVector.h; sourceTree = "<group>"; };
		5507659E1A4D72B8009B5762 /* POPVector.mm */ = {isa = PBXFileReference; fileEncoding = 4; lastKnownFileType = sourcecode.cpp.objcpp; path = POPVector.mm; sourceTree = "<group>"; };
		550765A01A4D72B8009B5762 /* FloatConversion.h */ = {isa = PBXFileReference; fileEncoding = 4; lastKnownFileType = sourcecode.c.h; path = FloatConversion.h; sourceTree = "<group>"; };
		550765A11A4D72B8009B5762 /* TransformationMatrix.cpp */ = {isa = PBXFileReference; fileEncoding = 4; lastKnownFileType = sourcecode.cpp.cpp; path = TransformationMatrix.cpp; sourceTree = "<group>"; };
		550765A21A4D72B8009B5762 /* TransformationMatrix.h */ = {isa = PBXFileReference; fileEncoding = 4; lastKnownFileType = sourcecode.c.h; path = TransformationMatrix.h; sourceTree = "<group>"; };
		550765A31A4D72B8009B5762 /* UnitBezier.h */ = {isa = PBXFileReference; fileEncoding = 4; lastKnownFileType = sourcecode.c.h; path = UnitBezier.h; sourceTree = "<group>"; };
		5515B4FF1AA7077B0025C1B9 /* MMRootViewController.h */ = {isa = PBXFileReference; fileEncoding = 4; lastKnownFileType = sourcecode.c.h; path = MMRootViewController.h; sourceTree = "<group>"; };
		5515B5001AA7077B0025C1B9 /* MMRootViewController.m */ = {isa = PBXFileReference; fileEncoding = 4; lastKnownFileType = sourcecode.c.objc; path = MMRootViewController.m; sourceTree = "<group>"; };
		5515B5021AA7202D0025C1B9 /* MMCollectionViewCell.h */ = {isa = PBXFileReference; fileEncoding = 4; lastKnownFileType = sourcecode.c.h; path = MMCollectionViewCell.h; sourceTree = "<group>"; };
		5515B5031AA7202D0025C1B9 /* MMCollectionViewCell.m */ = {isa = PBXFileReference; fileEncoding = 4; lastKnownFileType = sourcecode.c.objc; path = MMCollectionViewCell.m; sourceTree = "<group>"; };
		551B5E601AA8471D003313A0 /* Tones-50.png */ = {isa = PBXFileReference; lastKnownFileType = image.png; path = "Tones-50.png"; sourceTree = "<group>"; };
		551B5E621AA849DE003313A0 /* Group-50.png */ = {isa = PBXFileReference; lastKnownFileType = image.png; path = "Group-50.png"; sourceTree = "<group>"; };
		551B5E641AA849E4003313A0 /* Talk-50.png */ = {isa = PBXFileReference; lastKnownFileType = image.png; path = "Talk-50.png"; sourceTree = "<group>"; };
		551B5E661AA85053003313A0 /* PaperBuble.h */ = {isa = PBXFileReference; fileEncoding = 4; lastKnownFileType = sourcecode.c.h; path = PaperBuble.h; sourceTree = "<group>"; };
		551B5E671AA85053003313A0 /* PaperBuble.m */ = {isa = PBXFileReference; fileEncoding = 4; lastKnownFileType = sourcecode.c.objc; path = PaperBuble.m; sourceTree = "<group>"; };
		551B5E691AA8505F003313A0 /* CustomShapeView.h */ = {isa = PBXFileReference; fileEncoding = 4; lastKnownFileType = sourcecode.c.h; path = CustomShapeView.h; sourceTree = "<group>"; };
		551B5E6A1AA8505F003313A0 /* CustomShapeView.m */ = {isa = PBXFileReference; fileEncoding = 4; lastKnownFileType = sourcecode.c.objc; path = CustomShapeView.m; sourceTree = "<group>"; };
		551B5E6B1AA8505F003313A0 /* CustomShapeLayer.h */ = {isa = PBXFileReference; fileEncoding = 4; lastKnownFileType = sourcecode.c.h; path = CustomShapeLayer.h; sourceTree = "<group>"; };
		551B5E6C1AA8505F003313A0 /* CustomShapeLayer.m */ = {isa = PBXFileReference; fileEncoding = 4; lastKnownFileType = sourcecode.c.objc; path = CustomShapeLayer.m; sourceTree = "<group>"; };
		551B5E701AA85D0C003313A0 /* Launch Screen.xib */ = {isa = PBXFileReference; fileEncoding = 4; lastKnownFileType = file.xib; path = "Launch Screen.xib"; sourceTree = "<group>"; };
		552275A81A550702007FB91D /* HACollectionViewLargeLayout.h */ = {isa = PBXFileReference; fileEncoding = 4; lastKnownFileType = sourcecode.c.h; path = HACollectionViewLargeLayout.h; sourceTree = "<group>"; };
		552275A91A550702007FB91D /* HACollectionViewLargeLayout.m */ = {isa = PBXFileReference; fileEncoding = 4; lastKnownFileType = sourcecode.c.objc; path = HACollectionViewLargeLayout.m; sourceTree = "<group>"; };
		552275AA1A550702007FB91D /* HACollectionViewSmallLayout.h */ = {isa = PBXFileReference; fileEncoding = 4; lastKnownFileType = sourcecode.c.h; path = HACollectionViewSmallLayout.h; sourceTree = "<group>"; };
		552275AB1A550702007FB91D /* HACollectionViewSmallLayout.m */ = {isa = PBXFileReference; fileEncoding = 4; lastKnownFileType = sourcecode.c.objc; path = HACollectionViewSmallLayout.m; sourceTree = "<group>"; };
		ACF2554419E9B8AC00DE2B40 /* MMPaper.app */ = {isa = PBXFileReference; explicitFileType = wrapper.application; includeInIndex = 0; path = MMPaper.app; sourceTree = BUILT_PRODUCTS_DIR; };
		ACF2554719E9B8AC00DE2B40 /* Foundation.framework */ = {isa = PBXFileReference; lastKnownFileType = wrapper.framework; name = Foundation.framework; path = System/Library/Frameworks/Foundation.framework; sourceTree = SDKROOT; };
		ACF2554919E9B8AC00DE2B40 /* CoreGraphics.framework */ = {isa = PBXFileReference; lastKnownFileType = wrapper.framework; name = CoreGraphics.framework; path = System/Library/Frameworks/CoreGraphics.framework; sourceTree = SDKROOT; };
		ACF2554B19E9B8AC00DE2B40 /* UIKit.framework */ = {isa = PBXFileReference; lastKnownFileType = wrapper.framework; name = UIKit.framework; path = System/Library/Frameworks/UIKit.framework; sourceTree = SDKROOT; };
		ACF2554F19E9B8AC00DE2B40 /* MMPaper-Info.plist */ = {isa = PBXFileReference; lastKnownFileType = text.plist.xml; path = "MMPaper-Info.plist"; sourceTree = "<group>"; };
		ACF2555119E9B8AC00DE2B40 /* en */ = {isa = PBXFileReference; lastKnownFileType = text.plist.strings; name = en; path = en.lproj/InfoPlist.strings; sourceTree = "<group>"; };
		ACF2555319E9B8AC00DE2B40 /* main.m */ = {isa = PBXFileReference; lastKnownFileType = sourcecode.c.objc; path = main.m; sourceTree = "<group>"; };
		ACF2555519E9B8AC00DE2B40 /* MMPaper-Prefix.pch */ = {isa = PBXFileReference; lastKnownFileType = sourcecode.c.h; path = "MMPaper-Prefix.pch"; sourceTree = "<group>"; };
		ACF2555619E9B8AC00DE2B40 /* MMAppDelegate.h */ = {isa = PBXFileReference; lastKnownFileType = sourcecode.c.h; path = MMAppDelegate.h; sourceTree = "<group>"; };
		ACF2555719E9B8AC00DE2B40 /* MMAppDelegate.m */ = {isa = PBXFileReference; lastKnownFileType = sourcecode.c.objc; path = MMAppDelegate.m; sourceTree = "<group>"; };
		ACF2555A19E9B8AC00DE2B40 /* Base */ = {isa = PBXFileReference; lastKnownFileType = file.storyboard; name = Base; path = Base.lproj/Main.storyboard; sourceTree = "<group>"; };
		ACF2555C19E9B8AC00DE2B40 /* MMViewController.h */ = {isa = PBXFileReference; lastKnownFileType = sourcecode.c.h; path = MMViewController.h; sourceTree = "<group>"; };
		ACF2555D19E9B8AC00DE2B40 /* MMViewController.m */ = {isa = PBXFileReference; lastKnownFileType = sourcecode.c.objc; path = MMViewController.m; sourceTree = "<group>"; };
		ACF2555F19E9B8AC00DE2B40 /* Images.xcassets */ = {isa = PBXFileReference; lastKnownFileType = folder.assetcatalog; path = Images.xcassets; sourceTree = "<group>"; };
		ACF2556519E9B8AC00DE2B40 /* MMPaperTests.xctest */ = {isa = PBXFileReference; explicitFileType = wrapper.cfbundle; includeInIndex = 0; path = MMPaperTests.xctest; sourceTree = BUILT_PRODUCTS_DIR; };
		ACF2556619E9B8AC00DE2B40 /* XCTest.framework */ = {isa = PBXFileReference; lastKnownFileType = wrapper.framework; name = XCTest.framework; path = Library/Frameworks/XCTest.framework; sourceTree = DEVELOPER_DIR; };
		ACF2556E19E9B8AC00DE2B40 /* MMPaperTests-Info.plist */ = {isa = PBXFileReference; lastKnownFileType = text.plist.xml; path = "MMPaperTests-Info.plist"; sourceTree = "<group>"; };
		ACF2557019E9B8AC00DE2B40 /* en */ = {isa = PBXFileReference; lastKnownFileType = text.plist.strings; name = en; path = en.lproj/InfoPlist.strings; sourceTree = "<group>"; };
		ACF2557219E9B8AC00DE2B40 /* MMPaperTests.m */ = {isa = PBXFileReference; lastKnownFileType = sourcecode.c.objc; path = MMPaperTests.m; sourceTree = "<group>"; };
		ACF2558619E9B94300DE2B40 /* HATransitionLayout.h */ = {isa = PBXFileReference; fileEncoding = 4; lastKnownFileType = sourcecode.c.h; path = HATransitionLayout.h; sourceTree = "<group>"; };
		ACF2558719E9B94300DE2B40 /* HATransitionLayout.m */ = {isa = PBXFileReference; fileEncoding = 4; lastKnownFileType = sourcecode.c.objc; path = HATransitionLayout.m; sourceTree = "<group>"; };
		ACF2559119E9BB3400DE2B40 /* 2.png */ = {isa = PBXFileReference; lastKnownFileType = image.png; path = 2.png; sourceTree = "<group>"; };
		ACF2559B19E9BE2D00DE2B40 /* five.jpg */ = {isa = PBXFileReference; lastKnownFileType = image.jpeg; path = five.jpg; sourceTree = "<group>"; };
		ACF2559C19E9BE2D00DE2B40 /* one.jpg */ = {isa = PBXFileReference; lastKnownFileType = image.jpeg; path = one.jpg; sourceTree = "<group>"; };
		ACF2559D19E9BE2D00DE2B40 /* three.png */ = {isa = PBXFileReference; lastKnownFileType = image.png; path = three.png; sourceTree = "<group>"; };
		ACF2559E19E9BE2D00DE2B40 /* two.jpg */ = {isa = PBXFileReference; lastKnownFileType = image.jpeg; path = two.jpg; sourceTree = "<group>"; };
		ACF255A319E9BF2200DE2B40 /* fake-cell@2x.png */ = {isa = PBXFileReference; lastKnownFileType = image.png; path = "fake-cell@2x.png"; sourceTree = "<group>"; };
/* End PBXFileReference section */

/* Begin PBXFrameworksBuildPhase section */
		ACF2554119E9B8AC00DE2B40 /* Frameworks */ = {
			isa = PBXFrameworksBuildPhase;
			buildActionMask = 2147483647;
			files = (
				ACF2554A19E9B8AC00DE2B40 /* CoreGraphics.framework in Frameworks */,
				ACF2554C19E9B8AC00DE2B40 /* UIKit.framework in Frameworks */,
				ACF2554819E9B8AC00DE2B40 /* Foundation.framework in Frameworks */,
			);
			runOnlyForDeploymentPostprocessing = 0;
		};
		ACF2556219E9B8AC00DE2B40 /* Frameworks */ = {
			isa = PBXFrameworksBuildPhase;
			buildActionMask = 2147483647;
			files = (
				ACF2556719E9B8AC00DE2B40 /* XCTest.framework in Frameworks */,
				ACF2556919E9B8AC00DE2B40 /* UIKit.framework in Frameworks */,
				ACF2556819E9B8AC00DE2B40 /* Foundation.framework in Frameworks */,
			);
			runOnlyForDeploymentPostprocessing = 0;
		};
/* End PBXFrameworksBuildPhase section */

/* Begin PBXGroup section */
		5507655C1A4D3FE1009B5762 /* MMBaseFlowLayout */ = {
			isa = PBXGroup;
			children = (
				550765591A4D3FD9009B5762 /* MMSmallLayout.h */,
				5507655A1A4D3FD9009B5762 /* MMSmallLayout.m */,
				5507655D1A4D3FFE009B5762 /* MMLargeLayout.h */,
				5507655E1A4D3FFE009B5762 /* MMLargeLayout.m */,
				5515B5021AA7202D0025C1B9 /* MMCollectionViewCell.h */,
				5515B5031AA7202D0025C1B9 /* MMCollectionViewCell.m */,
			);
			name = MMBaseFlowLayout;
			sourceTree = "<group>";
		};
		550765601A4D402C009B5762 /* MMCollectionCotroller */ = {
			isa = PBXGroup;
			children = (
				ACF2555C19E9B8AC00DE2B40 /* MMViewController.h */,
				ACF2555D19E9B8AC00DE2B40 /* MMViewController.m */,
				550765611A4D40EF009B5762 /* MMBaseCollection.h */,
				550765621A4D40EF009B5762 /* MMBaseCollection.m */,
				5515B4FF1AA7077B0025C1B9 /* MMRootViewController.h */,
				5515B5001AA7077B0025C1B9 /* MMRootViewController.m */,
			);
			name = MMCollectionCotroller;
			sourceTree = "<group>";
		};
		5507656A1A4D72B8009B5762 /* POP */ = {
			isa = PBXGroup;
			children = (
				5507656B1A4D72B8009B5762 /* pop */,
			);
			path = POP;
			sourceTree = "<group>";
		};
		5507656B1A4D72B8009B5762 /* pop */ = {
			isa = PBXGroup;
			children = (
				5507656C1A4D72B8009B5762 /* InfoPlist.strings */,
				5507656E1A4D72B8009B5762 /* pop-Info.plist */,
				5507656F1A4D72B8009B5762 /* pop-Prefix.pch */,
				550765701A4D72B8009B5762 /* POP.h */,
				550765711A4D72B8009B5762 /* POPAction.h */,
				550765721A4D72B8009B5762 /* POPAnimatableProperty.h */,
				550765731A4D72B8009B5762 /* POPAnimatableProperty.mm */,
				550765741A4D72B8009B5762 /* POPAnimation.h */,
				550765751A4D72B8009B5762 /* POPAnimation.mm */,
				550765761A4D72B8009B5762 /* POPAnimationEvent.h */,
				550765771A4D72B8009B5762 /* POPAnimationEvent.mm */,
				550765781A4D72B8009B5762 /* POPAnimationEventInternal.h */,
				550765791A4D72B8009B5762 /* POPAnimationExtras.h */,
				5507657A1A4D72B8009B5762 /* POPAnimationExtras.mm */,
				5507657B1A4D72B8009B5762 /* POPAnimationInternal.h */,
				5507657C1A4D72B8009B5762 /* POPAnimationPrivate.h */,
				5507657D1A4D72B8009B5762 /* POPAnimationRuntime.h */,
				5507657E1A4D72B8009B5762 /* POPAnimationRuntime.mm */,
				5507657F1A4D72B8009B5762 /* POPAnimationTracer.h */,
				550765801A4D72B8009B5762 /* POPAnimationTracer.mm */,
				550765811A4D72B8009B5762 /* POPAnimationTracerInternal.h */,
				550765821A4D72B8009B5762 /* POPAnimator.h */,
				550765831A4D72B8009B5762 /* POPAnimator.mm */,
				550765841A4D72B8009B5762 /* POPAnimatorPrivate.h */,
				550765851A4D72B8009B5762 /* POPBasicAnimation.h */,
				550765861A4D72B8009B5762 /* POPBasicAnimation.mm */,
				550765871A4D72B8009B5762 /* POPBasicAnimationInternal.h */,
				550765881A4D72B8009B5762 /* POPCGUtils.h */,
				550765891A4D72B8009B5762 /* POPCGUtils.mm */,
				5507658A1A4D72B8009B5762 /* POPCustomAnimation.h */,
				5507658B1A4D72B8009B5762 /* POPCustomAnimation.mm */,
				5507658C1A4D72B8009B5762 /* POPDecayAnimation.h */,
				5507658D1A4D72B8009B5762 /* POPDecayAnimation.mm */,
				5507658E1A4D72B8009B5762 /* POPDecayAnimationInternal.h */,
				5507658F1A4D72B8009B5762 /* POPDefines.h */,
				550765901A4D72B8009B5762 /* POPGeometry.h */,
				550765911A4D72B8009B5762 /* POPGeometry.mm */,
				550765921A4D72B8009B5762 /* POPLayerExtras.h */,
				550765931A4D72B8009B5762 /* POPLayerExtras.mm */,
				550765941A4D72B8009B5762 /* POPMath.h */,
				550765951A4D72B8009B5762 /* POPMath.mm */,
				550765961A4D72B8009B5762 /* POPPropertyAnimation.h */,
				550765971A4D72B8009B5762 /* POPPropertyAnimation.mm */,
				550765981A4D72B8009B5762 /* POPPropertyAnimationInternal.h */,
				550765991A4D72B8009B5762 /* POPSpringAnimation.h */,
				5507659A1A4D72B8009B5762 /* POPSpringAnimation.mm */,
				5507659B1A4D72B8009B5762 /* POPSpringAnimationInternal.h */,
				5507659C1A4D72B8009B5762 /* POPSpringSolver.h */,
				5507659D1A4D72B8009B5762 /* POPVector.h */,
				5507659E1A4D72B8009B5762 /* POPVector.mm */,
				5507659F1A4D72B8009B5762 /* WebCore */,
			);
			path = pop;
			sourceTree = "<group>";
		};
		5507659F1A4D72B8009B5762 /* WebCore */ = {
			isa = PBXGroup;
			children = (
				550765A01A4D72B8009B5762 /* FloatConversion.h */,
				550765A11A4D72B8009B5762 /* TransformationMatrix.cpp */,
				550765A21A4D72B8009B5762 /* TransformationMatrix.h */,
				550765A31A4D72B8009B5762 /* UnitBezier.h */,
			);
			path = WebCore;
			sourceTree = "<group>";
		};
		551B5E6F1AA85066003313A0 /* Bubble */ = {
			isa = PBXGroup;
			children = (
				551B5E691AA8505F003313A0 /* CustomShapeView.h */,
				551B5E6A1AA8505F003313A0 /* CustomShapeView.m */,
				551B5E6B1AA8505F003313A0 /* CustomShapeLayer.h */,
				551B5E6C1AA8505F003313A0 /* CustomShapeLayer.m */,
				551B5E661AA85053003313A0 /* PaperBuble.h */,
				551B5E671AA85053003313A0 /* PaperBuble.m */,
			);
			name = Bubble;
			sourceTree = "<group>";
		};
		552275AE1A550707007FB91D /* Base Layout */ = {
			isa = PBXGroup;
			children = (
				552275A81A550702007FB91D /* HACollectionViewLargeLayout.h */,
				552275A91A550702007FB91D /* HACollectionViewLargeLayout.m */,
				552275AA1A550702007FB91D /* HACollectionViewSmallLayout.h */,
				552275AB1A550702007FB91D /* HACollectionViewSmallLayout.m */,
			);
			name = "Base Layout";
			sourceTree = "<group>";
		};
		ACF2553B19E9B8AC00DE2B40 = {
			isa = PBXGroup;
			children = (
				551B5E701AA85D0C003313A0 /* Launch Screen.xib */,
				551B5E6F1AA85066003313A0 /* Bubble */,
				551B5E641AA849E4003313A0 /* Talk-50.png */,
				551B5E621AA849DE003313A0 /* Group-50.png */,
				551B5E601AA8471D003313A0 /* Tones-50.png */,
				ACF2554D19E9B8AC00DE2B40 /* MMPaper */,
				ACF2556C19E9B8AC00DE2B40 /* MMPaperTests */,
				ACF2554619E9B8AC00DE2B40 /* Frameworks */,
				ACF2554519E9B8AC00DE2B40 /* Products */,
			);
			sourceTree = "<group>";
		};
		ACF2554519E9B8AC00DE2B40 /* Products */ = {
			isa = PBXGroup;
			children = (
				ACF2554419E9B8AC00DE2B40 /* MMPaper.app */,
				ACF2556519E9B8AC00DE2B40 /* MMPaperTests.xctest */,
			);
			name = Products;
			sourceTree = "<group>";
		};
		ACF2554619E9B8AC00DE2B40 /* Frameworks */ = {
			isa = PBXGroup;
			children = (
				ACF2554719E9B8AC00DE2B40 /* Foundation.framework */,
				ACF2554919E9B8AC00DE2B40 /* CoreGraphics.framework */,
				ACF2554B19E9B8AC00DE2B40 /* UIKit.framework */,
				ACF2556619E9B8AC00DE2B40 /* XCTest.framework */,
			);
			name = Frameworks;
			sourceTree = "<group>";
		};
		ACF2554D19E9B8AC00DE2B40 /* MMPaper */ = {
			isa = PBXGroup;
			children = (
				552275AE1A550707007FB91D /* Base Layout */,
				5507656A1A4D72B8009B5762 /* POP */,
				550765601A4D402C009B5762 /* MMCollectionCotroller */,
				5507655C1A4D3FE1009B5762 /* MMBaseFlowLayout */,
				ACF255A519E9C04800DE2B40 /* Images */,
				ACF2558D19E9B96D00DE2B40 /* Base Collection */,
				ACF2558E19E9B98300DE2B40 /* Transition */,
				ACF2555919E9B8AC00DE2B40 /* Main.storyboard */,
				ACF2555F19E9B8AC00DE2B40 /* Images.xcassets */,
				ACF2555619E9B8AC00DE2B40 /* MMAppDelegate.h */,
				ACF2555719E9B8AC00DE2B40 /* MMAppDelegate.m */,
				ACF2554E19E9B8AC00DE2B40 /* Supporting Files */,
			);
			path = MMPaper;
			sourceTree = "<group>";
		};
		ACF2554E19E9B8AC00DE2B40 /* Supporting Files */ = {
			isa = PBXGroup;
			children = (
				ACF2554F19E9B8AC00DE2B40 /* MMPaper-Info.plist */,
				ACF2555019E9B8AC00DE2B40 /* InfoPlist.strings */,
				ACF2555319E9B8AC00DE2B40 /* main.m */,
				ACF2555519E9B8AC00DE2B40 /* MMPaper-Prefix.pch */,
			);
			name = "Supporting Files";
			sourceTree = "<group>";
		};
		ACF2556C19E9B8AC00DE2B40 /* MMPaperTests */ = {
			isa = PBXGroup;
			children = (
				ACF2557219E9B8AC00DE2B40 /* MMPaperTests.m */,
				ACF2556D19E9B8AC00DE2B40 /* Supporting Files */,
			);
			path = MMPaperTests;
			sourceTree = "<group>";
		};
		ACF2556D19E9B8AC00DE2B40 /* Supporting Files */ = {
			isa = PBXGroup;
			children = (
				ACF2556E19E9B8AC00DE2B40 /* MMPaperTests-Info.plist */,
				ACF2556F19E9B8AC00DE2B40 /* InfoPlist.strings */,
			);
			name = "Supporting Files";
			sourceTree = "<group>";
		};
		ACF2558D19E9B96D00DE2B40 /* Base Collection */ = {
			isa = PBXGroup;
			children = (
			);
			name = "Base Collection";
			sourceTree = "<group>";
		};
		ACF2558E19E9B98300DE2B40 /* Transition */ = {
			isa = PBXGroup;
			children = (
				ACF2558619E9B94300DE2B40 /* HATransitionLayout.h */,
				ACF2558719E9B94300DE2B40 /* HATransitionLayout.m */,
			);
			name = Transition;
			sourceTree = "<group>";
		};
		ACF255A519E9C04800DE2B40 /* Images */ = {
			isa = PBXGroup;
			children = (
				ACF2559119E9BB3400DE2B40 /* 2.png */,
				ACF2559B19E9BE2D00DE2B40 /* five.jpg */,
				ACF255A319E9BF2200DE2B40 /* fake-cell@2x.png */,
				ACF2559C19E9BE2D00DE2B40 /* one.jpg */,
				ACF2559D19E9BE2D00DE2B40 /* three.png */,
				ACF2559E19E9BE2D00DE2B40 /* two.jpg */,
			);
			name = Images;
			sourceTree = "<group>";
		};
/* End PBXGroup section */

/* Begin PBXNativeTarget section */
		ACF2554319E9B8AC00DE2B40 /* MMPaper */ = {
			isa = PBXNativeTarget;
			buildConfigurationList = ACF2557619E9B8AC00DE2B40 /* Build configuration list for PBXNativeTarget "MMPaper" */;
			buildPhases = (
				ACF2554019E9B8AC00DE2B40 /* Sources */,
				ACF2554119E9B8AC00DE2B40 /* Frameworks */,
				ACF2554219E9B8AC00DE2B40 /* Resources */,
			);
			buildRules = (
			);
			dependencies = (
			);
			name = MMPaper;
			productName = MMPaper;
			productReference = ACF2554419E9B8AC00DE2B40 /* MMPaper.app */;
			productType = "com.apple.product-type.application";
		};
		ACF2556419E9B8AC00DE2B40 /* MMPaperTests */ = {
			isa = PBXNativeTarget;
			buildConfigurationList = ACF2557919E9B8AC00DE2B40 /* Build configuration list for PBXNativeTarget "MMPaperTests" */;
			buildPhases = (
				ACF2556119E9B8AC00DE2B40 /* Sources */,
				ACF2556219E9B8AC00DE2B40 /* Frameworks */,
				ACF2556319E9B8AC00DE2B40 /* Resources */,
			);
			buildRules = (
			);
			dependencies = (
				ACF2556B19E9B8AC00DE2B40 /* PBXTargetDependency */,
			);
			name = MMPaperTests;
			productName = MMPaperTests;
			productReference = ACF2556519E9B8AC00DE2B40 /* MMPaperTests.xctest */;
			productType = "com.apple.product-type.bundle.unit-test";
		};
/* End PBXNativeTarget section */

/* Begin PBXProject section */
		ACF2553C19E9B8AC00DE2B40 /* Project object */ = {
			isa = PBXProject;
			attributes = {
				CLASSPREFIX = MM;
				LastUpgradeCheck = 0510;
				ORGANIZATIONNAME = com.muku;
				TargetAttributes = {
					ACF2556419E9B8AC00DE2B40 = {
						TestTargetID = ACF2554319E9B8AC00DE2B40;
					};
				};
			};
			buildConfigurationList = ACF2553F19E9B8AC00DE2B40 /* Build configuration list for PBXProject "MMPaper" */;
			compatibilityVersion = "Xcode 3.2";
			developmentRegion = English;
			hasScannedForEncodings = 0;
			knownRegions = (
				en,
				Base,
			);
			mainGroup = ACF2553B19E9B8AC00DE2B40;
			productRefGroup = ACF2554519E9B8AC00DE2B40 /* Products */;
			projectDirPath = "";
			projectRoot = "";
			targets = (
				ACF2554319E9B8AC00DE2B40 /* MMPaper */,
				ACF2556419E9B8AC00DE2B40 /* MMPaperTests */,
			);
		};
/* End PBXProject section */

/* Begin PBXResourcesBuildPhase section */
		ACF2554219E9B8AC00DE2B40 /* Resources */ = {
			isa = PBXResourcesBuildPhase;
			buildActionMask = 2147483647;
			files = (
				ACF255A419E9BF2200DE2B40 /* fake-cell@2x.png in Resources */,
				550765A51A4D72B8009B5762 /* pop-Info.plist in Resources */,
				ACF255A219E9BE2D00DE2B40 /* two.jpg in Resources */,
				ACF255A019E9BE2D00DE2B40 /* one.jpg in Resources */,
				551B5E631AA849DE003313A0 /* Group-50.png in Resources */,
				ACF2556019E9B8AC00DE2B40 /* Images.xcassets in Resources */,
				551B5E611AA8471D003313A0 /* Tones-50.png in Resources */,
				ACF255A119E9BE2D00DE2B40 /* three.png in Resources */,
				ACF2559F19E9BE2D00DE2B40 /* five.jpg in Resources */,
				ACF2555219E9B8AC00DE2B40 /* InfoPlist.strings in Resources */,
				ACF2559219E9BB3400DE2B40 /* 2.png in Resources */,
				ACF2555B19E9B8AC00DE2B40 /* Main.storyboard in Resources */,
				551B5E651AA849E4003313A0 /* Talk-50.png in Resources */,
				550765A41A4D72B8009B5762 /* InfoPlist.strings in Resources */,
				551B5E711AA85D0C003313A0 /* Launch Screen.xib in Resources */,
			);
			runOnlyForDeploymentPostprocessing = 0;
		};
		ACF2556319E9B8AC00DE2B40 /* Resources */ = {
			isa = PBXResourcesBuildPhase;
			buildActionMask = 2147483647;
			files = (
				ACF2557119E9B8AC00DE2B40 /* InfoPlist.strings in Resources */,
			);
			runOnlyForDeploymentPostprocessing = 0;
		};
/* End PBXResourcesBuildPhase section */

/* Begin PBXSourcesBuildPhase section */
		ACF2554019E9B8AC00DE2B40 /* Sources */ = {
			isa = PBXSourcesBuildPhase;
			buildActionMask = 2147483647;
			files = (
				550765B21A4D72B8009B5762 /* POPLayerExtras.mm in Sources */,
				550765B51A4D72B8009B5762 /* POPSpringAnimation.mm in Sources */,
				550765B61A4D72B8009B5762 /* POPVector.mm in Sources */,
				ACF2555819E9B8AC00DE2B40 /* MMAppDelegate.m in Sources */,
				ACF2558B19E9B94300DE2B40 /* HATransitionLayout.m in Sources */,
				550765AD1A4D72B8009B5762 /* POPBasicAnimation.mm in Sources */,
				ACF2555E19E9B8AC00DE2B40 /* MMViewController.m in Sources */,
				551B5E6E1AA8505F003313A0 /* CustomShapeLayer.m in Sources */,
				5507655B1A4D3FD9009B5762 /* MMSmallLayout.m in Sources */,
				550765B11A4D72B8009B5762 /* POPGeometry.mm in Sources */,
				550765A71A4D72B8009B5762 /* POPAnimation.mm in Sources */,
				550765631A4D40EF009B5762 /* MMBaseCollection.m in Sources */,
				550765B01A4D72B8009B5762 /* POPDecayAnimation.mm in Sources */,
				550765AC1A4D72B8009B5762 /* POPAnimator.mm in Sources */,
				5515B5011AA7077B0025C1B9 /* MMRootViewController.m in Sources */,
				ACF2555419E9B8AC00DE2B40 /* main.m in Sources */,
				550765A61A4D72B8009B5762 /* POPAnimatableProperty.mm in Sources */,
				550765AB1A4D72B8009B5762 /* POPAnimationTracer.mm in Sources */,
				551B5E6D1AA8505F003313A0 /* CustomShapeView.m in Sources */,
				5515B5041AA7202D0025C1B9 /* MMCollectionViewCell.m in Sources */,
				550765AE1A4D72B8009B5762 /* POPCGUtils.mm in Sources */,
				551B5E681AA85053003313A0 /* PaperBuble.m in Sources */,
				550765B41A4D72B8009B5762 /* POPPropertyAnimation.mm in Sources */,
				550765B71A4D72B8009B5762 /* TransformationMatrix.cpp in Sources */,
				550765B31A4D72B8009B5762 /* POPMath.mm in Sources */,
				552275AC1A550703007FB91D /* HACollectionViewLargeLayout.m in Sources */,
				550765A81A4D72B8009B5762 /* POPAnimationEvent.mm in Sources */,
				550765AA1A4D72B8009B5762 /* POPAnimationRuntime.mm in Sources */,
				5507655F1A4D3FFE009B5762 /* MMLargeLayout.m in Sources */,
				550765A91A4D72B8009B5762 /* POPAnimationExtras.mm in Sources */,
				552275AD1A550703007FB91D /* HACollectionViewSmallLayout.m in Sources */,
				550765AF1A4D72B8009B5762 /* POPCustomAnimation.mm in Sources */,
			);
			runOnlyForDeploymentPostprocessing = 0;
		};
		ACF2556119E9B8AC00DE2B40 /* Sources */ = {
			isa = PBXSourcesBuildPhase;
			buildActionMask = 2147483647;
			files = (
				ACF2557319E9B8AC00DE2B40 /* MMPaperTests.m in Sources */,
			);
			runOnlyForDeploymentPostprocessing = 0;
		};
/* End PBXSourcesBuildPhase section */

/* Begin PBXTargetDependency section */
		ACF2556B19E9B8AC00DE2B40 /* PBXTargetDependency */ = {
			isa = PBXTargetDependency;
			target = ACF2554319E9B8AC00DE2B40 /* MMPaper */;
			targetProxy = ACF2556A19E9B8AC00DE2B40 /* PBXContainerItemProxy */;
		};
/* End PBXTargetDependency section */

/* Begin PBXVariantGroup section */
		5507656C1A4D72B8009B5762 /* InfoPlist.strings */ = {
			isa = PBXVariantGroup;
			children = (
				5507656D1A4D72B8009B5762 /* en */,
			);
			name = InfoPlist.strings;
			sourceTree = "<group>";
		};
		ACF2555019E9B8AC00DE2B40 /* InfoPlist.strings */ = {
			isa = PBXVariantGroup;
			children = (
				ACF2555119E9B8AC00DE2B40 /* en */,
			);
			name = InfoPlist.strings;
			sourceTree = "<group>";
		};
		ACF2555919E9B8AC00DE2B40 /* Main.storyboard */ = {
			isa = PBXVariantGroup;
			children = (
				ACF2555A19E9B8AC00DE2B40 /* Base */,
			);
			name = Main.storyboard;
			sourceTree = "<group>";
		};
		ACF2556F19E9B8AC00DE2B40 /* InfoPlist.strings */ = {
			isa = PBXVariantGroup;
			children = (
				ACF2557019E9B8AC00DE2B40 /* en */,
			);
			name = InfoPlist.strings;
			sourceTree = "<group>";
		};
/* End PBXVariantGroup section */

/* Begin XCBuildConfiguration section */
		ACF2557419E9B8AC00DE2B40 /* Debug */ = {
			isa = XCBuildConfiguration;
			buildSettings = {
				ALWAYS_SEARCH_USER_PATHS = NO;
				CLANG_CXX_LANGUAGE_STANDARD = "gnu++0x";
				CLANG_CXX_LIBRARY = "libc++";
				CLANG_ENABLE_MODULES = YES;
				CLANG_ENABLE_OBJC_ARC = YES;
				CLANG_WARN_BOOL_CONVERSION = YES;
				CLANG_WARN_CONSTANT_CONVERSION = YES;
				CLANG_WARN_DIRECT_OBJC_ISA_USAGE = YES_ERROR;
				CLANG_WARN_EMPTY_BODY = YES;
				CLANG_WARN_ENUM_CONVERSION = YES;
				CLANG_WARN_INT_CONVERSION = YES;
				CLANG_WARN_OBJC_ROOT_CLASS = YES_ERROR;
				CLANG_WARN__DUPLICATE_METHOD_MATCH = YES;
				"CODE_SIGN_IDENTITY[sdk=iphoneos*]" = "iPhone Developer";
				COPY_PHASE_STRIP = NO;
				GCC_C_LANGUAGE_STANDARD = gnu99;
				GCC_DYNAMIC_NO_PIC = NO;
				GCC_OPTIMIZATION_LEVEL = 0;
				GCC_PREPROCESSOR_DEFINITIONS = (
					"DEBUG=1",
					"$(inherited)",
				);
				GCC_SYMBOLS_PRIVATE_EXTERN = NO;
				GCC_WARN_64_TO_32_BIT_CONVERSION = YES;
				GCC_WARN_ABOUT_RETURN_TYPE = YES_ERROR;
				GCC_WARN_UNDECLARED_SELECTOR = YES;
				GCC_WARN_UNINITIALIZED_AUTOS = YES_AGGRESSIVE;
				GCC_WARN_UNUSED_FUNCTION = YES;
				GCC_WARN_UNUSED_VARIABLE = YES;
				IPHONEOS_DEPLOYMENT_TARGET = 7.1;
				ONLY_ACTIVE_ARCH = YES;
				SDKROOT = iphoneos;
			};
			name = Debug;
		};
		ACF2557519E9B8AC00DE2B40 /* Release */ = {
			isa = XCBuildConfiguration;
			buildSettings = {
				ALWAYS_SEARCH_USER_PATHS = NO;
				CLANG_CXX_LANGUAGE_STANDARD = "gnu++0x";
				CLANG_CXX_LIBRARY = "libc++";
				CLANG_ENABLE_MODULES = YES;
				CLANG_ENABLE_OBJC_ARC = YES;
				CLANG_WARN_BOOL_CONVERSION = YES;
				CLANG_WARN_CONSTANT_CONVERSION = YES;
				CLANG_WARN_DIRECT_OBJC_ISA_USAGE = YES_ERROR;
				CLANG_WARN_EMPTY_BODY = YES;
				CLANG_WARN_ENUM_CONVERSION = YES;
				CLANG_WARN_INT_CONVERSION = YES;
				CLANG_WARN_OBJC_ROOT_CLASS = YES_ERROR;
				CLANG_WARN__DUPLICATE_METHOD_MATCH = YES;
				"CODE_SIGN_IDENTITY[sdk=iphoneos*]" = "iPhone Developer";
				COPY_PHASE_STRIP = YES;
				ENABLE_NS_ASSERTIONS = NO;
				GCC_C_LANGUAGE_STANDARD = gnu99;
				GCC_WARN_64_TO_32_BIT_CONVERSION = YES;
				GCC_WARN_ABOUT_RETURN_TYPE = YES_ERROR;
				GCC_WARN_UNDECLARED_SELECTOR = YES;
				GCC_WARN_UNINITIALIZED_AUTOS = YES_AGGRESSIVE;
				GCC_WARN_UNUSED_FUNCTION = YES;
				GCC_WARN_UNUSED_VARIABLE = YES;
				IPHONEOS_DEPLOYMENT_TARGET = 7.1;
				SDKROOT = iphoneos;
				VALIDATE_PRODUCT = YES;
			};
			name = Release;
		};
		ACF2557719E9B8AC00DE2B40 /* Debug */ = {
			isa = XCBuildConfiguration;
			buildSettings = {
				ASSETCATALOG_COMPILER_APPICON_NAME = AppIcon;
				ASSETCATALOG_COMPILER_LAUNCHIMAGE_NAME = LaunchImage;
				GCC_PRECOMPILE_PREFIX_HEADER = YES;
				GCC_PREFIX_HEADER = "MMPaper/MMPaper-Prefix.pch";
				INFOPLIST_FILE = "MMPaper/MMPaper-Info.plist";
				PRODUCT_NAME = "$(TARGET_NAME)";
				WRAPPER_EXTENSION = app;
			};
			name = Debug;
		};
		ACF2557819E9B8AC00DE2B40 /* Release */ = {
			isa = XCBuildConfiguration;
			buildSettings = {
				ASSETCATALOG_COMPILER_APPICON_NAME = AppIcon;
				ASSETCATALOG_COMPILER_LAUNCHIMAGE_NAME = LaunchImage;
				GCC_PRECOMPILE_PREFIX_HEADER = YES;
				GCC_PREFIX_HEADER = "MMPaper/MMPaper-Prefix.pch";
				INFOPLIST_FILE = "MMPaper/MMPaper-Info.plist";
				PRODUCT_NAME = "$(TARGET_NAME)";
				WRAPPER_EXTENSION = app;
			};
			name = Release;
		};
		ACF2557A19E9B8AC00DE2B40 /* Debug */ = {
			isa = XCBuildConfiguration;
			buildSettings = {
				BUNDLE_LOADER = "$(BUILT_PRODUCTS_DIR)/MMPaper.app/MMPaper";
				FRAMEWORK_SEARCH_PATHS = (
					"$(SDKROOT)/Developer/Library/Frameworks",
					"$(inherited)",
					"$(DEVELOPER_FRAMEWORKS_DIR)",
				);
				GCC_PRECOMPILE_PREFIX_HEADER = YES;
				GCC_PREFIX_HEADER = "MMPaper/MMPaper-Prefix.pch";
				GCC_PREPROCESSOR_DEFINITIONS = (
					"DEBUG=1",
					"$(inherited)",
				);
				INFOPLIST_FILE = "MMPaperTests/MMPaperTests-Info.plist";
				PRODUCT_NAME = "$(TARGET_NAME)";
				TEST_HOST = "$(BUNDLE_LOADER)";
				WRAPPER_EXTENSION = xctest;
			};
			name = Debug;
		};
		ACF2557B19E9B8AC00DE2B40 /* Release */ = {
			isa = XCBuildConfiguration;
			buildSettings = {
				BUNDLE_LOADER = "$(BUILT_PRODUCTS_DIR)/MMPaper.app/MMPaper";
				FRAMEWORK_SEARCH_PATHS = (
					"$(SDKROOT)/Developer/Library/Frameworks",
					"$(inherited)",
					"$(DEVELOPER_FRAMEWORKS_DIR)",
				);
				GCC_PRECOMPILE_PREFIX_HEADER = YES;
				GCC_PREFIX_HEADER = "MMPaper/MMPaper-Prefix.pch";
				INFOPLIST_FILE = "MMPaperTests/MMPaperTests-Info.plist";
				PRODUCT_NAME = "$(TARGET_NAME)";
				TEST_HOST = "$(BUNDLE_LOADER)";
				WRAPPER_EXTENSION = xctest;
			};
			name = Release;
		};
/* End XCBuildConfiguration section */

/* Begin XCConfigurationList section */
		ACF2553F19E9B8AC00DE2B40 /* Build configuration list for PBXProject "MMPaper" */ = {
			isa = XCConfigurationList;
			buildConfigurations = (
				ACF2557419E9B8AC00DE2B40 /* Debug */,
				ACF2557519E9B8AC00DE2B40 /* Release */,
			);
			defaultConfigurationIsVisible = 0;
			defaultConfigurationName = Release;
		};
		ACF2557619E9B8AC00DE2B40 /* Build configuration list for PBXNativeTarget "MMPaper" */ = {
			isa = XCConfigurationList;
			buildConfigurations = (
				ACF2557719E9B8AC00DE2B40 /* Debug */,
				ACF2557819E9B8AC00DE2B40 /* Release */,
			);
			defaultConfigurationIsVisible = 0;
			defaultConfigurationName = Release;
		};
		ACF2557919E9B8AC00DE2B40 /* Build configuration list for PBXNativeTarget "MMPaperTests" */ = {
			isa = XCConfigurationList;
			buildConfigurations = (
				ACF2557A19E9B8AC00DE2B40 /* Debug */,
				ACF2557B19E9B8AC00DE2B40 /* Release */,
			);
			defaultConfigurationIsVisible = 0;
			defaultConfigurationName = Release;
		};
/* End XCConfigurationList section */
	};
	rootObject = ACF2553C19E9B8AC00DE2B40 /* Project object */;
}
